github.com/gotidy/ptr v1.1.0 h1:R4SMNdNK5e99kjGZJJpzISXi8N7Lma0YX63OFskf0sg=
github.com/gotidy/ptr v1.1.0/go.mod h1:vpltyHhOZE+NGXUiwpVl3wV9AGEBlxhdnaimPDxRLxg=
github.com/hirokidaichi/goviz v0.0.0-20140425160843-c57591cb2ad9 h1:LUOcmn0CItndxYwrazuG2a+K9Xd5AzK4V46QvNNemkY=
github.com/hirokidaichi/goviz v0.0.0-20140425160843-c57591cb2ad9/go.mod h1:0AhQHESAASSzzy/7tQ4Szsj2xT4IJJQIRu+wUHccxgM=
github.com/jessevdk/go-flags v1.4.0 h1:4IU2WS7AumrZ/40jfhf4QVDMsQwqA7VEHozFRrGARJA=
github.com/jessevdk/go-flags v1.4.0/go.mod h1:4FA24M0QyGHXBuZZK/XkWh8h0e1EYbRYJSGM75WSRxI=
github.com/jinzhu/copier v0.0.0-20190924061706-b57f9002281a h1:zPPuIq2jAWWPTrGt70eK/BSch+gFAGrNzecsoENgu2o=
github.com/jinzhu/copier v0.0.0-20190924061706-b57f9002281a/go.mod h1:yL958EeXv8Ylng6IfnvG4oflryUi3vgA3xPs9hmII1s=
